
Microsoft Visual Studio Solution File, Format Version 12.00
# Visual Studio Version 17
VisualStudioVersion = 17.5.002.0
MinimumVisualStudioVersion = 10.0.40219.1
Project("{9A19103F-16F7-4668-BE54-9A1E7A4F7556}") = "HighgroundServer", "HighgroundServer\HighgroundServer.csproj", "{F687764C-DDDB-4E1E-9110-2B54DD476F6B}"
EndProject
Project("{FAE04EC0-301F-11D3-BF4B-00C04F79EFBC}") = "HGSocketManager", "HGSocketManager\HGSocketManager.csproj", "{4860F131-EB21-4EB6-96FF-19EE718B7EB1}"
EndProject
Project("{FAE04EC0-301F-11D3-BF4B-00C04F79EFBC}") = "HGRooms", "HGRooms\HGRooms.csproj", "{A9112D8B-7F20-4680-8214-607A61F8737D}"
EndProject
Project("{FAE04EC0-301F-11D3-BF4B-00C04F79EFBC}") = "HGPlayers", "HGPlayers\HGPlayers.csproj", "{F86C2520-29A6-4398-8365-474A1EA3EE84}"
EndProject
Project("{FAE04EC0-301F-11D3-BF4B-00C04F79EFBC}") = "HGChat", "HGChat\HGChat.csproj", "{B0C33FB2-FA4B-4119-A8A6-7AED3AB797AA}"
EndProject
Global
	GlobalSection(SolutionConfigurationPlatforms) = preSolution
		Debug|Any CPU = Debug|Any CPU
		Release|Any CPU = Release|Any CPU
	EndGlobalSection
	GlobalSection(ProjectConfigurationPlatforms) = postSolution
		{F687764C-DDDB-4E1E-9110-2B54DD476F6B}.Debug|Any CPU.ActiveCfg = Debug|Any CPU
		{F687764C-DDDB-4E1E-9110-2B54DD476F6B}.Debug|Any CPU.Build.0 = Debug|Any CPU
		{F687764C-DDDB-4E1E-9110-2B54DD476F6B}.Release|Any CPU.ActiveCfg = Release|Any CPU
		{F687764C-DDDB-4E1E-9110-2B54DD476F6B}.Release|Any CPU.Build.0 = Release|Any CPU
		{4860F131-EB21-4EB6-96FF-19EE718B7EB1}.Debug|Any CPU.ActiveCfg = Debug|Any CPU
		{4860F131-EB21-4EB6-96FF-19EE718B7EB1}.Debug|Any CPU.Build.0 = Debug|Any CPU
		{4860F131-EB21-4EB6-96FF-19EE718B7EB1}.Release|Any CPU.ActiveCfg = Release|Any CPU
		{4860F131-EB21-4EB6-96FF-19EE718B7EB1}.Release|Any CPU.Build.0 = Release|Any CPU
		{A9112D8B-7F20-4680-8214-607A61F8737D}.Debug|Any CPU.ActiveCfg = Debug|Any CPU
		{A9112D8B-7F20-4680-8214-607A61F8737D}.Debug|Any CPU.Build.0 = Debug|Any CPU
		{A9112D8B-7F20-4680-8214-607A61F8737D}.Release|Any CPU.ActiveCfg = Release|Any CPU
		{A9112D8B-7F20-4680-8214-607A61F8737D}.Release|Any CPU.Build.0 = Release|Any CPU
		{F86C2520-29A6-4398-8365-474A1EA3EE84}.Debug|Any CPU.ActiveCfg = Debug|Any CPU
		{F86C2520-29A6-4398-8365-474A1EA3EE84}.Debug|Any CPU.Build.0 = Debug|Any CPU
		{F86C2520-29A6-4398-8365-474A1EA3EE84}.Release|Any CPU.ActiveCfg = Release|Any CPU
		{F86C2520-29A6-4398-8365-474A1EA3EE84}.Release|Any CPU.Build.0 = Release|Any CPU
		{B0C33FB2-FA4B-4119-A8A6-7AED3AB797AA}.Debug|Any CPU.ActiveCfg = Debug|Any CPU
		{B0C33FB2-FA4B-4119-A8A6-7AED3AB797AA}.Debug|Any CPU.Build.0 = Debug|Any CPU
		{B0C33FB2-FA4B-4119-A8A6-7AED3AB797AA}.Release|Any CPU.ActiveCfg = Release|Any CPU
		{B0C33FB2-FA4B-4119-A8A6-7AED3AB797AA}.Release|Any CPU.Build.0 = Release|Any CPU
	EndGlobalSection
	GlobalSection(SolutionProperties) = preSolution
		HideSolutionNode = FALSE
	EndGlobalSection
	GlobalSection(ExtensibilityGlobals) = postSolution
		SolutionGuid = {A05CF53D-17DF-403C-B970-7DABF3F63826}
	EndGlobalSection
EndGlobal
